
Microsoft Visual Studio Solution File, Format Version 12.00
# Visual Studio 15
VisualStudioVersion = 15.0.26124.0
MinimumVisualStudioVersion = 15.0.26124.0
Project("{FAE04EC0-301F-11D3-BF4B-00C04F79EFBC}") = "Styxz.Assetyard.Cli", "Styxz.Assetyard.Cli\src\Styxz.Assetyard.Cli.csproj", "{E52A2A22-D9FB-4515-9BB1-C5BF3F5DD893}"
EndProject
Project("{FAE04EC0-301F-11D3-BF4B-00C04F79EFBC}") = "Styxz.Assetyard.Cli.Tests", "Styxz.Assetyard.Cli\tests\Styxz.Assetyard.Cli.Tests.csproj", "{EFA9C0CA-260C-40A0-827A-2063F01FDC08}"
EndProject
Global
	GlobalSection(SolutionConfigurationPlatforms) = preSolution
		Debug|Any CPU = Debug|Any CPU
		Debug|x64 = Debug|x64
		Debug|x86 = Debug|x86
		Release|Any CPU = Release|Any CPU
		Release|x64 = Release|x64
		Release|x86 = Release|x86
	EndGlobalSection
	GlobalSection(SolutionProperties) = preSolution
		HideSolutionNode = FALSE
	EndGlobalSection
	GlobalSection(ProjectConfigurationPlatforms) = postSolution
		{E52A2A22-D9FB-4515-9BB1-C5BF3F5DD893}.Debug|Any CPU.ActiveCfg = Debug|Any CPU
		{E52A2A22-D9FB-4515-9BB1-C5BF3F5DD893}.Debug|Any CPU.Build.0 = Debug|Any CPU
		{E52A2A22-D9FB-4515-9BB1-C5BF3F5DD893}.Debug|x64.ActiveCfg = Debug|x64
		{E52A2A22-D9FB-4515-9BB1-C5BF3F5DD893}.Debug|x64.Build.0 = Debug|x64
		{E52A2A22-D9FB-4515-9BB1-C5BF3F5DD893}.Debug|x86.ActiveCfg = Debug|x86
		{E52A2A22-D9FB-4515-9BB1-C5BF3F5DD893}.Debug|x86.Build.0 = Debug|x86
		{E52A2A22-D9FB-4515-9BB1-C5BF3F5DD893}.Release|Any CPU.ActiveCfg = Release|Any CPU
		{E52A2A22-D9FB-4515-9BB1-C5BF3F5DD893}.Release|Any CPU.Build.0 = Release|Any CPU
		{E52A2A22-D9FB-4515-9BB1-C5BF3F5DD893}.Release|x64.ActiveCfg = Release|x64
		{E52A2A22-D9FB-4515-9BB1-C5BF3F5DD893}.Release|x64.Build.0 = Release|x64
		{E52A2A22-D9FB-4515-9BB1-C5BF3F5DD893}.Release|x86.ActiveCfg = Release|x86
		{E52A2A22-D9FB-4515-9BB1-C5BF3F5DD893}.Release|x86.Build.0 = Release|x86
		{EFA9C0CA-260C-40A0-827A-2063F01FDC08}.Debug|Any CPU.ActiveCfg = Debug|Any CPU
		{EFA9C0CA-260C-40A0-827A-2063F01FDC08}.Debug|Any CPU.Build.0 = Debug|Any CPU
		{EFA9C0CA-260C-40A0-827A-2063F01FDC08}.Debug|x64.ActiveCfg = Debug|x64
		{EFA9C0CA-260C-40A0-827A-2063F01FDC08}.Debug|x64.Build.0 = Debug|x64
		{EFA9C0CA-260C-40A0-827A-2063F01FDC08}.Debug|x86.ActiveCfg = Debug|x86
		{EFA9C0CA-260C-40A0-827A-2063F01FDC08}.Debug|x86.Build.0 = Debug|x86
		{EFA9C0CA-260C-40A0-827A-2063F01FDC08}.Release|Any CPU.ActiveCfg = Release|Any CPU
		{EFA9C0CA-260C-40A0-827A-2063F01FDC08}.Release|Any CPU.Build.0 = Release|Any CPU
		{EFA9C0CA-260C-40A0-827A-2063F01FDC08}.Release|x64.ActiveCfg = Release|x64
		{EFA9C0CA-260C-40A0-827A-2063F01FDC08}.Release|x64.Build.0 = Release|x64
		{EFA9C0CA-260C-40A0-827A-2063F01FDC08}.Release|x86.ActiveCfg = Release|x86
		{EFA9C0CA-260C-40A0-827A-2063F01FDC08}.Release|x86.Build.0 = Release|x86
	EndGlobalSection
EndGlobal
